dependencies:
- name: kubefed
  repository: https://raw.githubusercontent.com/kubernetes-sigs/kubefed/master/charts
  version: 0.1.0-rc6
- name: kommander-cluster-lifecycle
  repository: https://mesosphere.github.io/kommander-cluster-lifecycle/charts
  version: v0.1.8
- name: kommander-thanos
  repository: https://branden.github.io/charts/stable
  version: 0.1.0
digest: sha256:d01abfe72fccce5eb16bb75c8a2964d59e2a951517da0a3739e5e7603843b3ab
generated: "2019-10-23T15:57:58.110346-07:00"
