dependencies:
- name: kubefed
  repository: https://raw.githubusercontent.com/kubernetes-sigs/kubefed/master/charts
  version: 0.1.0-rc6
- name: kommander-cluster-lifecycle
  repository: https://mesosphere.github.io/kommander-cluster-lifecycle/charts
  version: 0.1.6
- name: kommander-thanos
  repository: https://branden.github.io/charts/stable
  version: 0.1.0
digest: sha256:18a510e192b046e752f4bca0e9f511b89201a0c3fa6ff3e6c0c8394ac850a450
generated: "2019-10-22T16:12:11.547992-07:00"
